// !$*UTF8*$!
{
	archiveVersion = 1;
	classes = {
	};
	objectVersion = 46;
	objects = {

/* Begin PBXBuildFile section */
		CC16D8B01D95601D00ED46DD /* AppDelegate.swift in Sources */ = {isa = PBXBuildFile; fileRef = CC16D8AF1D95601D00ED46DD /* AppDelegate.swift */; };
		CC16D8B21D95601D00ED46DD /* ViewController.swift in Sources */ = {isa = PBXBuildFile; fileRef = CC16D8B11D95601D00ED46DD /* ViewController.swift */; };
		CC16D8B71D95601D00ED46DD /* Assets.xcassets in Resources */ = {isa = PBXBuildFile; fileRef = CC16D8B61D95601D00ED46DD /* Assets.xcassets */; };
		CC16D8BA1D95601D00ED46DD /* LaunchScreen.storyboard in Resources */ = {isa = PBXBuildFile; fileRef = CC16D8B81D95601D00ED46DD /* LaunchScreen.storyboard */; };
		CC16D8C51D95601D00ED46DD /* Add1Tests.swift in Sources */ = {isa = PBXBuildFile; fileRef = CC16D8C41D95601D00ED46DD /* Add1Tests.swift */; };
		CC16D8D01D95601D00ED46DD /* Add1UITests.swift in Sources */ = {isa = PBXBuildFile; fileRef = CC16D8CF1D95601D00ED46DD /* Add1UITests.swift */; };
		CC16D8DF1D95615400ED46DD /* MainViewController.swift in Sources */ = {isa = PBXBuildFile; fileRef = CC16D8DD1D95615400ED46DD /* MainViewController.swift */; };
		CC16D8E01D95615400ED46DD /* MainViewController.xib in Resources */ = {isa = PBXBuildFile; fileRef = CC16D8DE1D95615400ED46DD /* MainViewController.xib */; };
		CC1DDFA81D959DDC00A7509F /* add1-assets in Resources */ = {isa = PBXBuildFile; fileRef = CC1DDFA71D959DDC00A7509F /* add1-assets */; };
/* End PBXBuildFile section */

/* Begin PBXContainerItemProxy section */
		CC16D8C11D95601D00ED46DD /* PBXContainerItemProxy */ = {
			isa = PBXContainerItemProxy;
			containerPortal = CC16D8A41D95601D00ED46DD /* Project object */;
			proxyType = 1;
			remoteGlobalIDString = CC16D8AB1D95601D00ED46DD;
			remoteInfo = Add1;
		};
		CC16D8CC1D95601D00ED46DD /* PBXContainerItemProxy */ = {
			isa = PBXContainerItemProxy;
			containerPortal = CC16D8A41D95601D00ED46DD /* Project object */;
			proxyType = 1;
			remoteGlobalIDString = CC16D8AB1D95601D00ED46DD;
			remoteInfo = Add1;
		};
/* End PBXContainerItemProxy section */

/* Begin PBXFileReference section */
		CC16D8AC1D95601D00ED46DD /* Add1.app */ = {isa = PBXFileReference; explicitFileType = wrapper.application; includeInIndex = 0; path = Add1.app; sourceTree = BUILT_PRODUCTS_DIR; };
		CC16D8AF1D95601D00ED46DD /* AppDelegate.swift */ = {isa = PBXFileReference; lastKnownFileType = sourcecode.swift; path = AppDelegate.swift; sourceTree = "<group>"; };
		CC16D8B11D95601D00ED46DD /* ViewController.swift */ = {isa = PBXFileReference; lastKnownFileType = sourcecode.swift; path = ViewController.swift; sourceTree = "<group>"; };
		CC16D8B61D95601D00ED46DD /* Assets.xcassets */ = {isa = PBXFileReference; lastKnownFileType = folder.assetcatalog; path = Assets.xcassets; sourceTree = "<group>"; };
		CC16D8B91D95601D00ED46DD /* Base */ = {isa = PBXFileReference; lastKnownFileType = file.storyboard; name = Base; path = Base.lproj/LaunchScreen.storyboard; sourceTree = "<group>"; };
		CC16D8BB1D95601D00ED46DD /* Info.plist */ = {isa = PBXFileReference; lastKnownFileType = text.plist.xml; path = Info.plist; sourceTree = "<group>"; };
		CC16D8C01D95601D00ED46DD /* Add1Tests.xctest */ = {isa = PBXFileReference; explicitFileType = wrapper.cfbundle; includeInIndex = 0; path = Add1Tests.xctest; sourceTree = BUILT_PRODUCTS_DIR; };
		CC16D8C41D95601D00ED46DD /* Add1Tests.swift */ = {isa = PBXFileReference; lastKnownFileType = sourcecode.swift; path = Add1Tests.swift; sourceTree = "<group>"; };
		CC16D8C61D95601D00ED46DD /* Info.plist */ = {isa = PBXFileReference; lastKnownFileType = text.plist.xml; path = Info.plist; sourceTree = "<group>"; };
		CC16D8CB1D95601D00ED46DD /* Add1UITests.xctest */ = {isa = PBXFileReference; explicitFileType = wrapper.cfbundle; includeInIndex = 0; path = Add1UITests.xctest; sourceTree = BUILT_PRODUCTS_DIR; };
		CC16D8CF1D95601D00ED46DD /* Add1UITests.swift */ = {isa = PBXFileReference; lastKnownFileType = sourcecode.swift; path = Add1UITests.swift; sourceTree = "<group>"; };
		CC16D8D11D95601D00ED46DD /* Info.plist */ = {isa = PBXFileReference; lastKnownFileType = text.plist.xml; path = Info.plist; sourceTree = "<group>"; };
		CC16D8DD1D95615400ED46DD /* MainViewController.swift */ = {isa = PBXFileReference; fileEncoding = 4; lastKnownFileType = sourcecode.swift; path = MainViewController.swift; sourceTree = "<group>"; };
		CC16D8DE1D95615400ED46DD /* MainViewController.xib */ = {isa = PBXFileReference; fileEncoding = 4; lastKnownFileType = file.xib; path = MainViewController.xib; sourceTree = "<group>"; };
		CC1DDFA71D959DDC00A7509F /* add1-assets */ = {isa = PBXFileReference; lastKnownFileType = folder; path = "add1-assets"; sourceTree = "<group>"; };
		CC3E8CE41D95CDEC002A5DB3 /* HVD_Comic_Serif_Pro.otf */ = {isa = PBXFileReference; lastKnownFileType = file; name = HVD_Comic_Serif_Pro.otf; path = "../../../Downloads/add1-assets/Font/HVD_Comic_Serif_Pro.otf"; sourceTree = "<group>"; };
/* End PBXFileReference section */

/* Begin PBXFrameworksBuildPhase section */
		CC16D8A91D95601D00ED46DD /* Frameworks */ = {
			isa = PBXFrameworksBuildPhase;
			buildActionMask = 2147483647;
			files = (
			);
			runOnlyForDeploymentPostprocessing = 0;
		};
		CC16D8BD1D95601D00ED46DD /* Frameworks */ = {
			isa = PBXFrameworksBuildPhase;
			buildActionMask = 2147483647;
			files = (
			);
			runOnlyForDeploymentPostprocessing = 0;
		};
		CC16D8C81D95601D00ED46DD /* Frameworks */ = {
			isa = PBXFrameworksBuildPhase;
			buildActionMask = 2147483647;
			files = (
			);
			runOnlyForDeploymentPostprocessing = 0;
		};
/* End PBXFrameworksBuildPhase section */

/* Begin PBXGroup section */
		CC16D8A31D95601D00ED46DD = {
			isa = PBXGroup;
			children = (
				CC1DDFA71D959DDC00A7509F /* add1-assets */,
				CC16D8DD1D95615400ED46DD /* MainViewController.swift */,
				CC16D8DE1D95615400ED46DD /* MainViewController.xib */,
				CC16D8AE1D95601D00ED46DD /* Add1 */,
				CC16D8C31D95601D00ED46DD /* Add1Tests */,
				CC16D8CE1D95601D00ED46DD /* Add1UITests */,
				CC16D8AD1D95601D00ED46DD /* Products */,
			);
			sourceTree = "<group>";
		};
		CC16D8AD1D95601D00ED46DD /* Products */ = {
			isa = PBXGroup;
			children = (
				CC16D8AC1D95601D00ED46DD /* Add1.app */,
				CC16D8C01D95601D00ED46DD /* Add1Tests.xctest */,
				CC16D8CB1D95601D00ED46DD /* Add1UITests.xctest */,
			);
			name = Products;
			sourceTree = "<group>";
		};
		CC16D8AE1D95601D00ED46DD /* Add1 */ = {
			isa = PBXGroup;
			children = (
				CC16D8AF1D95601D00ED46DD /* AppDelegate.swift */,
				CC16D8B11D95601D00ED46DD /* ViewController.swift */,
				CC16D8B61D95601D00ED46DD /* Assets.xcassets */,
				CC3E8CE41D95CDEC002A5DB3 /* HVD_Comic_Serif_Pro.otf */,
				CC16D8B81D95601D00ED46DD /* LaunchScreen.storyboard */,
				CC16D8BB1D95601D00ED46DD /* Info.plist */,
			);
			path = Add1;
			sourceTree = "<group>";
		};
		CC16D8C31D95601D00ED46DD /* Add1Tests */ = {
			isa = PBXGroup;
			children = (
				CC16D8C41D95601D00ED46DD /* Add1Tests.swift */,
				CC16D8C61D95601D00ED46DD /* Info.plist */,
			);
			path = Add1Tests;
			sourceTree = "<group>";
		};
		CC16D8CE1D95601D00ED46DD /* Add1UITests */ = {
			isa = PBXGroup;
			children = (
				CC16D8CF1D95601D00ED46DD /* Add1UITests.swift */,
				CC16D8D11D95601D00ED46DD /* Info.plist */,
			);
			path = Add1UITests;
			sourceTree = "<group>";
		};
/* End PBXGroup section */

/* Begin PBXNativeTarget section */
		CC16D8AB1D95601D00ED46DD /* Add1 */ = {
			isa = PBXNativeTarget;
			buildConfigurationList = CC16D8D41D95601D00ED46DD /* Build configuration list for PBXNativeTarget "Add1" */;
			buildPhases = (
				CC16D8A81D95601D00ED46DD /* Sources */,
				CC16D8A91D95601D00ED46DD /* Frameworks */,
				CC16D8AA1D95601D00ED46DD /* Resources */,
			);
			buildRules = (
			);
			dependencies = (
			);
			name = Add1;
			productName = Add1;
			productReference = CC16D8AC1D95601D00ED46DD /* Add1.app */;
			productType = "com.apple.product-type.application";
		};
		CC16D8BF1D95601D00ED46DD /* Add1Tests */ = {
			isa = PBXNativeTarget;
			buildConfigurationList = CC16D8D71D95601D00ED46DD /* Build configuration list for PBXNativeTarget "Add1Tests" */;
			buildPhases = (
				CC16D8BC1D95601D00ED46DD /* Sources */,
				CC16D8BD1D95601D00ED46DD /* Frameworks */,
				CC16D8BE1D95601D00ED46DD /* Resources */,
			);
			buildRules = (
			);
			dependencies = (
				CC16D8C21D95601D00ED46DD /* PBXTargetDependency */,
			);
			name = Add1Tests;
			productName = Add1Tests;
			productReference = CC16D8C01D95601D00ED46DD /* Add1Tests.xctest */;
			productType = "com.apple.product-type.bundle.unit-test";
		};
		CC16D8CA1D95601D00ED46DD /* Add1UITests */ = {
			isa = PBXNativeTarget;
			buildConfigurationList = CC16D8DA1D95601D00ED46DD /* Build configuration list for PBXNativeTarget "Add1UITests" */;
			buildPhases = (
				CC16D8C71D95601D00ED46DD /* Sources */,
				CC16D8C81D95601D00ED46DD /* Frameworks */,
				CC16D8C91D95601D00ED46DD /* Resources */,
			);
			buildRules = (
			);
			dependencies = (
				CC16D8CD1D95601D00ED46DD /* PBXTargetDependency */,
			);
			name = Add1UITests;
			productName = Add1UITests;
			productReference = CC16D8CB1D95601D00ED46DD /* Add1UITests.xctest */;
			productType = "com.apple.product-type.bundle.ui-testing";
		};
/* End PBXNativeTarget section */

/* Begin PBXProject section */
		CC16D8A41D95601D00ED46DD /* Project object */ = {
			isa = PBXProject;
			attributes = {
				LastSwiftUpdateCheck = 0800;
				LastUpgradeCheck = 0800;
				ORGANIZATIONNAME = Tapnish;
				TargetAttributes = {
					CC16D8AB1D95601D00ED46DD = {
						CreatedOnToolsVersion = 8.0;
						ProvisioningStyle = Automatic;
					};
					CC16D8BF1D95601D00ED46DD = {
						CreatedOnToolsVersion = 8.0;
						ProvisioningStyle = Automatic;
						TestTargetID = CC16D8AB1D95601D00ED46DD;
					};
					CC16D8CA1D95601D00ED46DD = {
						CreatedOnToolsVersion = 8.0;
						ProvisioningStyle = Automatic;
						TestTargetID = CC16D8AB1D95601D00ED46DD;
					};
				};
			};
			buildConfigurationList = CC16D8A71D95601D00ED46DD /* Build configuration list for PBXProject "Add1" */;
			compatibilityVersion = "Xcode 3.2";
			developmentRegion = English;
			hasScannedForEncodings = 0;
			knownRegions = (
				en,
				Base,
			);
			mainGroup = CC16D8A31D95601D00ED46DD;
			productRefGroup = CC16D8AD1D95601D00ED46DD /* Products */;
			projectDirPath = "";
			projectRoot = "";
			targets = (
				CC16D8AB1D95601D00ED46DD /* Add1 */,
				CC16D8BF1D95601D00ED46DD /* Add1Tests */,
				CC16D8CA1D95601D00ED46DD /* Add1UITests */,
			);
		};
/* End PBXProject section */

/* Begin PBXResourcesBuildPhase section */
		CC16D8AA1D95601D00ED46DD /* Resources */ = {
			isa = PBXResourcesBuildPhase;
			buildActionMask = 2147483647;
			files = (
				CC16D8BA1D95601D00ED46DD /* LaunchScreen.storyboard in Resources */,
				CC1DDFA81D959DDC00A7509F /* add1-assets in Resources */,
				CC16D8E01D95615400ED46DD /* MainViewController.xib in Resources */,
				CC16D8B71D95601D00ED46DD /* Assets.xcassets in Resources */,
			);
			runOnlyForDeploymentPostprocessing = 0;
		};
		CC16D8BE1D95601D00ED46DD /* Resources */ = {
			isa = PBXResourcesBuildPhase;
			buildActionMask = 2147483647;
			files = (
			);
			runOnlyForDeploymentPostprocessing = 0;
		};
		CC16D8C91D95601D00ED46DD /* Resources */ = {
			isa = PBXResourcesBuildPhase;
			buildActionMask = 2147483647;
			files = (
			);
			runOnlyForDeploymentPostprocessing = 0;
		};
/* End PBXResourcesBuildPhase section */

/* Begin PBXSourcesBuildPhase section */
		CC16D8A81D95601D00ED46DD /* Sources */ = {
			isa = PBXSourcesBuildPhase;
			buildActionMask = 2147483647;
			files = (
				CC16D8DF1D95615400ED46DD /* MainViewController.swift in Sources */,
				CC16D8B21D95601D00ED46DD /* ViewController.swift in Sources */,
				CC16D8B01D95601D00ED46DD /* AppDelegate.swift in Sources */,
			);
			runOnlyForDeploymentPostprocessing = 0;
		};
		CC16D8BC1D95601D00ED46DD /* Sources */ = {
			isa = PBXSourcesBuildPhase;
			buildActionMask = 2147483647;
			files = (
				CC16D8C51D95601D00ED46DD /* Add1Tests.swift in Sources */,
			);
			runOnlyForDeploymentPostprocessing = 0;
		};
		CC16D8C71D95601D00ED46DD /* Sources */ = {
			isa = PBXSourcesBuildPhase;
			buildActionMask = 2147483647;
			files = (
				CC16D8D01D95601D00ED46DD /* Add1UITests.swift in Sources */,
			);
			runOnlyForDeploymentPostprocessing = 0;
		};
/* End PBXSourcesBuildPhase section */

/* Begin PBXTargetDependency section */
		CC16D8C21D95601D00ED46DD /* PBXTargetDependency */ = {
			isa = PBXTargetDependency;
			target = CC16D8AB1D95601D00ED46DD /* Add1 */;
			targetProxy = CC16D8C11D95601D00ED46DD /* PBXContainerItemProxy */;
		};
		CC16D8CD1D95601D00ED46DD /* PBXTargetDependency */ = {
			isa = PBXTargetDependency;
			target = CC16D8AB1D95601D00ED46DD /* Add1 */;
			targetProxy = CC16D8CC1D95601D00ED46DD /* PBXContainerItemProxy */;
		};
/* End PBXTargetDependency section */

/* Begin PBXVariantGroup section */
		CC16D8B81D95601D00ED46DD /* LaunchScreen.storyboard */ = {
			isa = PBXVariantGroup;
			children = (
				CC16D8B91D95601D00ED46DD /* Base */,
			);
			name = LaunchScreen.storyboard;
			sourceTree = "<group>";
		};
/* End PBXVariantGroup section */

/* Begin XCBuildConfiguration section */
		CC16D8D21D95601D00ED46DD /* Debug */ = {
			isa = XCBuildConfiguration;
			buildSettings = {
				ALWAYS_SEARCH_USER_PATHS = NO;
				CLANG_ANALYZER_NONNULL = YES;
				CLANG_CXX_LANGUAGE_STANDARD = "gnu++0x";
				CLANG_CXX_LIBRARY = "libc++";
				CLANG_ENABLE_MODULES = YES;
				CLANG_ENABLE_OBJC_ARC = YES;
				CLANG_WARN_BOOL_CONVERSION = YES;
				CLANG_WARN_CONSTANT_CONVERSION = YES;
				CLANG_WARN_DIRECT_OBJC_ISA_USAGE = YES_ERROR;
				CLANG_WARN_DOCUMENTATION_COMMENTS = YES;
				CLANG_WARN_EMPTY_BODY = YES;
				CLANG_WARN_ENUM_CONVERSION = YES;
				CLANG_WARN_INFINITE_RECURSION = YES;
				CLANG_WARN_INT_CONVERSION = YES;
				CLANG_WARN_OBJC_ROOT_CLASS = YES_ERROR;
				CLANG_WARN_SUSPICIOUS_MOVES = YES;
				CLANG_WARN_UNREACHABLE_CODE = YES;
				CLANG_WARN__DUPLICATE_METHOD_MATCH = YES;
				"CODE_SIGN_IDENTITY[sdk=iphoneos*]" = "iPhone Developer";
				COPY_PHASE_STRIP = NO;
				DEBUG_INFORMATION_FORMAT = dwarf;
				ENABLE_STRICT_OBJC_MSGSEND = YES;
				ENABLE_TESTABILITY = YES;
				GCC_C_LANGUAGE_STANDARD = gnu99;
				GCC_DYNAMIC_NO_PIC = NO;
				GCC_NO_COMMON_BLOCKS = YES;
				GCC_OPTIMIZATION_LEVEL = 0;
				GCC_PREPROCESSOR_DEFINITIONS = (
					"DEBUG=1",
					"$(inherited)",
				);
				GCC_WARN_64_TO_32_BIT_CONVERSION = YES;
				GCC_WARN_ABOUT_RETURN_TYPE = YES_ERROR;
				GCC_WARN_UNDECLARED_SELECTOR = YES;
				GCC_WARN_UNINITIALIZED_AUTOS = YES_AGGRESSIVE;
				GCC_WARN_UNUSED_FUNCTION = YES;
				GCC_WARN_UNUSED_VARIABLE = YES;
				IPHONEOS_DEPLOYMENT_TARGET = 10.0;
				MTL_ENABLE_DEBUG_INFO = YES;
				ONLY_ACTIVE_ARCH = YES;
				SDKROOT = iphoneos;
				SWIFT_ACTIVE_COMPILATION_CONDITIONS = DEBUG;
				SWIFT_OPTIMIZATION_LEVEL = "-Onone";
				TARGETED_DEVICE_FAMILY = "1,2";
			};
			name = Debug;
		};
		CC16D8D31D95601D00ED46DD /* Release */ = {
			isa = XCBuildConfiguration;
			buildSettings = {
				ALWAYS_SEARCH_USER_PATHS = NO;
				CLANG_ANALYZER_NONNULL = YES;
				CLANG_CXX_LANGUAGE_STANDARD = "gnu++0x";
				CLANG_CXX_LIBRARY = "libc++";
				CLANG_ENABLE_MODULES = YES;
				CLANG_ENABLE_OBJC_ARC = YES;
				CLANG_WARN_BOOL_CONVERSION = YES;
				CLANG_WARN_CONSTANT_CONVERSION = YES;
				CLANG_WARN_DIRECT_OBJC_ISA_USAGE = YES_ERROR;
				CLANG_WARN_DOCUMENTATION_COMMENTS = YES;
				CLANG_WARN_EMPTY_BODY = YES;
				CLANG_WARN_ENUM_CONVERSION = YES;
				CLANG_WARN_INFINITE_RECURSION = YES;
				CLANG_WARN_INT_CONVERSION = YES;
				CLANG_WARN_OBJC_ROOT_CLASS = YES_ERROR;
				CLANG_WARN_SUSPICIOUS_MOVES = YES;
				CLANG_WARN_UNREACHABLE_CODE = YES;
				CLANG_WARN__DUPLICATE_METHOD_MATCH = YES;
				"CODE_SIGN_IDENTITY[sdk=iphoneos*]" = "iPhone Developer";
				COPY_PHASE_STRIP = NO;
				DEBUG_INFORMATION_FORMAT = "dwarf-with-dsym";
				ENABLE_NS_ASSERTIONS = NO;
				ENABLE_STRICT_OBJC_MSGSEND = YES;
				GCC_C_LANGUAGE_STANDARD = gnu99;
				GCC_NO_COMMON_BLOCKS = YES;
				GCC_WARN_64_TO_32_BIT_CONVERSION = YES;
				GCC_WARN_ABOUT_RETURN_TYPE = YES_ERROR;
				GCC_WARN_UNDECLARED_SELECTOR = YES;
				GCC_WARN_UNINITIALIZED_AUTOS = YES_AGGRESSIVE;
				GCC_WARN_UNUSED_FUNCTION = YES;
				GCC_WARN_UNUSED_VARIABLE = YES;
				IPHONEOS_DEPLOYMENT_TARGET = 10.0;
				MTL_ENABLE_DEBUG_INFO = NO;
				SDKROOT = iphoneos;
				SWIFT_OPTIMIZATION_LEVEL = "-Owholemodule";
				TARGETED_DEVICE_FAMILY = "1,2";
				VALIDATE_PRODUCT = YES;
			};
			name = Release;
		};
		CC16D8D51D95601D00ED46DD /* Debug */ = {
			isa = XCBuildConfiguration;
			buildSettings = {
				ASSETCATALOG_COMPILER_APPICON_NAME = AppIcon;
				INFOPLIST_FILE = Add1/Info.plist;
				LD_RUNPATH_SEARCH_PATHS = "$(inherited) @executable_path/Frameworks";
				PRODUCT_BUNDLE_IDENTIFIER = comlearnappmaking.Add1;
				PRODUCT_NAME = "$(TARGET_NAME)";
				SWIFT_VERSION = 3.0;
			};
			name = Debug;
		};
		CC16D8D61D95601D00ED46DD /* Release */ = {
			isa = XCBuildConfiguration;
			buildSettings = {
				ASSETCATALOG_COMPILER_APPICON_NAME = AppIcon;
				INFOPLIST_FILE = Add1/Info.plist;
				LD_RUNPATH_SEARCH_PATHS = "$(inherited) @executable_path/Frameworks";
				PRODUCT_BUNDLE_IDENTIFIER = comlearnappmaking.Add1;
				PRODUCT_NAME = "$(TARGET_NAME)";
				SWIFT_VERSION = 3.0;
			};
			name = Release;
		};
		CC16D8D81D95601D00ED46DD /* Debug */ = {
			isa = XCBuildConfiguration;
			buildSettings = {
				ALWAYS_EMBED_SWIFT_STANDARD_LIBRARIES = YES;
				BUNDLE_LOADER = "$(TEST_HOST)";
				INFOPLIST_FILE = Add1Tests/Info.plist;
				LD_RUNPATH_SEARCH_PATHS = "$(inherited) @executable_path/Frameworks @loader_path/Frameworks";
				PRODUCT_BUNDLE_IDENTIFIER = comlearnappmaking.Add1Tests;
				PRODUCT_NAME = "$(TARGET_NAME)";
				SWIFT_VERSION = 3.0;
				TEST_HOST = "$(BUILT_PRODUCTS_DIR)/Add1.app/Add1";
			};
			name = Debug;
		};
		CC16D8D91D95601D00ED46DD /* Release */ = {
			isa = XCBuildConfiguration;
			buildSettings = {
				ALWAYS_EMBED_SWIFT_STANDARD_LIBRARIES = YES;
				BUNDLE_LOADER = "$(TEST_HOST)";
				INFOPLIST_FILE = Add1Tests/Info.plist;
				LD_RUNPATH_SEARCH_PATHS = "$(inherited) @executable_path/Frameworks @loader_path/Frameworks";
				PRODUCT_BUNDLE_IDENTIFIER = comlearnappmaking.Add1Tests;
				PRODUCT_NAME = "$(TARGET_NAME)";
				SWIFT_VERSION = 3.0;
				TEST_HOST = "$(BUILT_PRODUCTS_DIR)/Add1.app/Add1";
			};
			name = Release;
		};
		CC16D8DB1D95601D00ED46DD /* Debug */ = {
			isa = XCBuildConfiguration;
			buildSettings = {
				ALWAYS_EMBED_SWIFT_STANDARD_LIBRARIES = YES;
				INFOPLIST_FILE = Add1UITests/Info.plist;
				LD_RUNPATH_SEARCH_PATHS = "$(inherited) @executable_path/Frameworks @loader_path/Frameworks";
				PRODUCT_BUNDLE_IDENTIFIER = comlearnappmaking.Add1UITests;
				PRODUCT_NAME = "$(TARGET_NAME)";
				SWIFT_VERSION = 3.0;
				TEST_TARGET_NAME = Add1;
			};
			name = Debug;
		};
		CC16D8DC1D95601D00ED46DD /* Release */ = {
			isa = XCBuildConfiguration;
			buildSettings = {
				ALWAYS_EMBED_SWIFT_STANDARD_LIBRARIES = YES;
				INFOPLIST_FILE = Add1UITests/Info.plist;
				LD_RUNPATH_SEARCH_PATHS = "$(inherited) @executable_path/Frameworks @loader_path/Frameworks";
				PRODUCT_BUNDLE_IDENTIFIER = comlearnappmaking.Add1UITests;
				PRODUCT_NAME = "$(TARGET_NAME)";
				SWIFT_VERSION = 3.0;
				TEST_TARGET_NAME = Add1;
			};
			name = Release;
		};
/* End XCBuildConfiguration section */

/* Begin XCConfigurationList section */
		CC16D8A71D95601D00ED46DD /* Build configuration list for PBXProject "Add1" */ = {
			isa = XCConfigurationList;
			buildConfigurations = (
				CC16D8D21D95601D00ED46DD /* Debug */,
				CC16D8D31D95601D00ED46DD /* Release */,
			);
			defaultConfigurationIsVisible = 0;
			defaultConfigurationName = Release;
		};
		CC16D8D41D95601D00ED46DD /* Build configuration list for PBXNativeTarget "Add1" */ = {
			isa = XCConfigurationList;
			buildConfigurations = (
				CC16D8D51D95601D00ED46DD /* Debug */,
				CC16D8D61D95601D00ED46DD /* Release */,
			);
			defaultConfigurationIsVisible = 0;
			defaultConfigurationName = Release;
		};
		CC16D8D71D95601D00ED46DD /* Build configuration list for PBXNativeTarget "Add1Tests" */ = {
			isa = XCConfigurationList;
			buildConfigurations = (
				CC16D8D81D95601D00ED46DD /* Debug */,
				CC16D8D91D95601D00ED46DD /* Release */,
			);
			defaultConfigurationIsVisible = 0;
			defaultConfigurationName = Release;
		};
		CC16D8DA1D95601D00ED46DD /* Build configuration list for PBXNativeTarget "Add1UITests" */ = {
			isa = XCConfigurationList;
			buildConfigurations = (
				CC16D8DB1D95601D00ED46DD /* Debug */,
				CC16D8DC1D95601D00ED46DD /* Release */,
			);
			defaultConfigurationIsVisible = 0;
			defaultConfigurationName = Release;
		};
/* End XCConfigurationList section */
	};
	rootObject = CC16D8A41D95601D00ED46DD /* Project object */;
}
